
Microsoft Visual Studio Solution File, Format Version 12.00
# Visual Studio Version 17
VisualStudioVersion = 17.0.32014.148
MinimumVisualStudioVersion = 10.0.40219.1
Project("{9A19103F-16F7-4668-BE54-9A1E7A4F7556}") = "DP.Logic", "DP.Logic\DP.Logic.csproj", "{96799127-2E4E-4767-BC53-25E5BDBBF311}"
EndProject
Project("{9A19103F-16F7-4668-BE54-9A1E7A4F7556}") = "DP.UI", "DP.UI\DP.UI.csproj", "{F8A4B113-C2C7-46CC-883E-364569C10199}"
EndProject
Project("{2150E333-8FDC-42A3-9474-1A3956D46DE8}") = "UI", "UI", "{B6A9D553-2A82-4F7B-B295-1324C2834617}"
EndProject
Project("{9A19103F-16F7-4668-BE54-9A1E7A4F7556}") = "Singleton", "Singleton\Singleton.csproj", "{B0F5555E-8DA1-418B-9511-9E0CE42F66C7}"
EndProject
Project("{9A19103F-16F7-4668-BE54-9A1E7A4F7556}") = "Strategy", "Strategy\Strategy.csproj", "{8E63B602-D1A3-4AEB-8DEA-59DE1F855447}"
EndProject
Project("{2150E333-8FDC-42A3-9474-1A3956D46DE8}") = "Exercice", "Exercice", "{368BBDB7-9CF1-4053-9319-85468B82D8A9}"
EndProject
Project("{9A19103F-16F7-4668-BE54-9A1E7A4F7556}") = "App", "App\App.csproj", "{DD468AEF-6E5C-4C31-B097-5C6545E440FB}"
EndProject
Project("{9A19103F-16F7-4668-BE54-9A1E7A4F7556}") = "Guru", "Guru\Guru.csproj", "{E96AE616-C368-44FA-BBE5-0921045AB2E7}"
EndProject
Project("{9A19103F-16F7-4668-BE54-9A1E7A4F7556}") = "Mediator", "Mediator\Mediator.csproj", "{C288A201-85C9-477B-B0A1-8B27CD58828B}"
EndProject
Project("{9A19103F-16F7-4668-BE54-9A1E7A4F7556}") = "ChainOfResponsability", "ChainOfResponsability\ChainOfResponsability.csproj", "{E2F0958A-5B18-4C3F-ADE4-1AF55533DC86}"
EndProject
Project("{9A19103F-16F7-4668-BE54-9A1E7A4F7556}") = "Command", "Command\Command.csproj", "{D8A7C5D7-8530-44C1-9104-749D86A3E066}"
EndProject
Project("{9A19103F-16F7-4668-BE54-9A1E7A4F7556}") = "Observer", "Observer\Observer.csproj", "{2B9FD2A0-DB33-4BEE-BE5A-78383E742234}"
EndProject
Project("{FAE04EC0-301F-11D3-BF4B-00C04F79EFBC}") = "State", "State\State.csproj", "{B306E0DD-70EC-447C-B44D-2F2AFD2538E6}"
EndProject
Global
	GlobalSection(SolutionConfigurationPlatforms) = preSolution
		Debug|Any CPU = Debug|Any CPU
		Release|Any CPU = Release|Any CPU
	EndGlobalSection
	GlobalSection(ProjectConfigurationPlatforms) = postSolution
		{96799127-2E4E-4767-BC53-25E5BDBBF311}.Debug|Any CPU.ActiveCfg = Debug|Any CPU
		{96799127-2E4E-4767-BC53-25E5BDBBF311}.Debug|Any CPU.Build.0 = Debug|Any CPU
		{96799127-2E4E-4767-BC53-25E5BDBBF311}.Release|Any CPU.ActiveCfg = Release|Any CPU
		{96799127-2E4E-4767-BC53-25E5BDBBF311}.Release|Any CPU.Build.0 = Release|Any CPU
		{F8A4B113-C2C7-46CC-883E-364569C10199}.Debug|Any CPU.ActiveCfg = Debug|Any CPU
		{F8A4B113-C2C7-46CC-883E-364569C10199}.Debug|Any CPU.Build.0 = Debug|Any CPU
		{F8A4B113-C2C7-46CC-883E-364569C10199}.Release|Any CPU.ActiveCfg = Release|Any CPU
		{F8A4B113-C2C7-46CC-883E-364569C10199}.Release|Any CPU.Build.0 = Release|Any CPU
		{B0F5555E-8DA1-418B-9511-9E0CE42F66C7}.Debug|Any CPU.ActiveCfg = Debug|Any CPU
		{B0F5555E-8DA1-418B-9511-9E0CE42F66C7}.Debug|Any CPU.Build.0 = Debug|Any CPU
		{B0F5555E-8DA1-418B-9511-9E0CE42F66C7}.Release|Any CPU.ActiveCfg = Release|Any CPU
		{B0F5555E-8DA1-418B-9511-9E0CE42F66C7}.Release|Any CPU.Build.0 = Release|Any CPU
		{8E63B602-D1A3-4AEB-8DEA-59DE1F855447}.Debug|Any CPU.ActiveCfg = Debug|Any CPU
		{8E63B602-D1A3-4AEB-8DEA-59DE1F855447}.Debug|Any CPU.Build.0 = Debug|Any CPU
		{8E63B602-D1A3-4AEB-8DEA-59DE1F855447}.Release|Any CPU.ActiveCfg = Release|Any CPU
		{8E63B602-D1A3-4AEB-8DEA-59DE1F855447}.Release|Any CPU.Build.0 = Release|Any CPU
		{DD468AEF-6E5C-4C31-B097-5C6545E440FB}.Debug|Any CPU.ActiveCfg = Debug|Any CPU
		{DD468AEF-6E5C-4C31-B097-5C6545E440FB}.Debug|Any CPU.Build.0 = Debug|Any CPU
		{DD468AEF-6E5C-4C31-B097-5C6545E440FB}.Release|Any CPU.ActiveCfg = Release|Any CPU
		{DD468AEF-6E5C-4C31-B097-5C6545E440FB}.Release|Any CPU.Build.0 = Release|Any CPU
		{E96AE616-C368-44FA-BBE5-0921045AB2E7}.Debug|Any CPU.ActiveCfg = Debug|Any CPU
		{E96AE616-C368-44FA-BBE5-0921045AB2E7}.Debug|Any CPU.Build.0 = Debug|Any CPU
		{E96AE616-C368-44FA-BBE5-0921045AB2E7}.Release|Any CPU.ActiveCfg = Release|Any CPU
		{E96AE616-C368-44FA-BBE5-0921045AB2E7}.Release|Any CPU.Build.0 = Release|Any CPU
		{C288A201-85C9-477B-B0A1-8B27CD58828B}.Debug|Any CPU.ActiveCfg = Debug|Any CPU
		{C288A201-85C9-477B-B0A1-8B27CD58828B}.Debug|Any CPU.Build.0 = Debug|Any CPU
		{C288A201-85C9-477B-B0A1-8B27CD58828B}.Release|Any CPU.ActiveCfg = Release|Any CPU
		{C288A201-85C9-477B-B0A1-8B27CD58828B}.Release|Any CPU.Build.0 = Release|Any CPU
		{E2F0958A-5B18-4C3F-ADE4-1AF55533DC86}.Debug|Any CPU.ActiveCfg = Debug|Any CPU
		{E2F0958A-5B18-4C3F-ADE4-1AF55533DC86}.Debug|Any CPU.Build.0 = Debug|Any CPU
		{E2F0958A-5B18-4C3F-ADE4-1AF55533DC86}.Release|Any CPU.ActiveCfg = Release|Any CPU
		{E2F0958A-5B18-4C3F-ADE4-1AF55533DC86}.Release|Any CPU.Build.0 = Release|Any CPU
		{D8A7C5D7-8530-44C1-9104-749D86A3E066}.Debug|Any CPU.ActiveCfg = Debug|Any CPU
		{D8A7C5D7-8530-44C1-9104-749D86A3E066}.Debug|Any CPU.Build.0 = Debug|Any CPU
		{D8A7C5D7-8530-44C1-9104-749D86A3E066}.Release|Any CPU.ActiveCfg = Release|Any CPU
		{D8A7C5D7-8530-44C1-9104-749D86A3E066}.Release|Any CPU.Build.0 = Release|Any CPU
		{2B9FD2A0-DB33-4BEE-BE5A-78383E742234}.Debug|Any CPU.ActiveCfg = Debug|Any CPU
		{2B9FD2A0-DB33-4BEE-BE5A-78383E742234}.Debug|Any CPU.Build.0 = Debug|Any CPU
		{2B9FD2A0-DB33-4BEE-BE5A-78383E742234}.Release|Any CPU.ActiveCfg = Release|Any CPU
		{2B9FD2A0-DB33-4BEE-BE5A-78383E742234}.Release|Any CPU.Build.0 = Release|Any CPU
		{B306E0DD-70EC-447C-B44D-2F2AFD2538E6}.Debug|Any CPU.ActiveCfg = Debug|Any CPU
		{B306E0DD-70EC-447C-B44D-2F2AFD2538E6}.Debug|Any CPU.Build.0 = Debug|Any CPU
		{B306E0DD-70EC-447C-B44D-2F2AFD2538E6}.Release|Any CPU.ActiveCfg = Release|Any CPU
		{B306E0DD-70EC-447C-B44D-2F2AFD2538E6}.Release|Any CPU.Build.0 = Release|Any CPU
	EndGlobalSection
	GlobalSection(SolutionProperties) = preSolution
		HideSolutionNode = FALSE
	EndGlobalSection
	GlobalSection(NestedProjects) = preSolution
		{F8A4B113-C2C7-46CC-883E-364569C10199} = {B6A9D553-2A82-4F7B-B295-1324C2834617}
		{B0F5555E-8DA1-418B-9511-9E0CE42F66C7} = {B6A9D553-2A82-4F7B-B295-1324C2834617}
		{8E63B602-D1A3-4AEB-8DEA-59DE1F855447} = {B6A9D553-2A82-4F7B-B295-1324C2834617}
		{DD468AEF-6E5C-4C31-B097-5C6545E440FB} = {368BBDB7-9CF1-4053-9319-85468B82D8A9}
		{E96AE616-C368-44FA-BBE5-0921045AB2E7} = {368BBDB7-9CF1-4053-9319-85468B82D8A9}
		{C288A201-85C9-477B-B0A1-8B27CD58828B} = {B6A9D553-2A82-4F7B-B295-1324C2834617}
		{E2F0958A-5B18-4C3F-ADE4-1AF55533DC86} = {B6A9D553-2A82-4F7B-B295-1324C2834617}
		{D8A7C5D7-8530-44C1-9104-749D86A3E066} = {B6A9D553-2A82-4F7B-B295-1324C2834617}
		{2B9FD2A0-DB33-4BEE-BE5A-78383E742234} = {B6A9D553-2A82-4F7B-B295-1324C2834617}
		{B306E0DD-70EC-447C-B44D-2F2AFD2538E6} = {B6A9D553-2A82-4F7B-B295-1324C2834617}
	EndGlobalSection
	GlobalSection(ExtensibilityGlobals) = postSolution
		SolutionGuid = {3A1E2357-2661-4CDB-A57E-B6C4FA77301E}
	EndGlobalSection
EndGlobal
